// !$*UTF8*$!
{
	archiveVersion = 1;
	classes = {
	};
	objectVersion = 77;
	objects = {

/* Begin PBXBuildFile section */
		03B36422394371D342B6B656 /* RiveRuntime in Frameworks */ = {isa = PBXBuildFile; productRef = 0F6A6CC9F08FFB4C9B961805 /* RiveRuntime */; };
		048EAB5BA20184F2A22A10EE /* CaptureTile.swift in Sources */ = {isa = PBXBuildFile; fileRef = EA57EAEA89E0A8A37DEEFA02 /* CaptureTile.swift */; };
		053075B7B926C6AD0425AEBC /* AIConsentView.swift in Sources */ = {isa = PBXBuildFile; fileRef = E6A6F87F819DBE3950203195 /* AIConsentView.swift */; };
		05C905B05F02848150848B81 /* LimitMeter.swift in Sources */ = {isa = PBXBuildFile; fileRef = 2C41DB872F198D1C10437CAE /* LimitMeter.swift */; };
		07319892CADCA44401974D84 /* MockAuthService.swift in Sources */ = {isa = PBXBuildFile; fileRef = 82CF32D16ACE0AD1E6058CB6 /* MockAuthService.swift */; };
		0A040C5F4BAB49AE77EA0144 /* GarmentTile.swift in Sources */ = {isa = PBXBuildFile; fileRef = F576CE8E8A2C8529009A2C60 /* GarmentTile.swift */; };
		157550F9AA2853FB3BEE6105 /* MockCloset.swift in Sources */ = {isa = PBXBuildFile; fileRef = CACB3C577653B74F746E9132 /* MockCloset.swift */; };
		18F78AAB526647CE6136CD55 /* ImagePipeline.swift in Sources */ = {isa = PBXBuildFile; fileRef = B696CE2BF07BCB3E144C70C4 /* ImagePipeline.swift */; };
		1A2DC53F817853C0094D37D4 /* BlobDots.swift in Sources */ = {isa = PBXBuildFile; fileRef = 1432DE04B822CA01CA7277AB /* BlobDots.swift */; };
		1B9347D4CB1C7B3843BD6A80 /* AuthConfiguration.swift in Sources */ = {isa = PBXBuildFile; fileRef = AA196CF3C4ECF01298BE935B /* AuthConfiguration.swift */; };
		1C1C8C0E84C4608F23725A24 /* LibraryImport.swift in Sources */ = {isa = PBXBuildFile; fileRef = EA0537E153F726AA028CC382 /* LibraryImport.swift */; };
		1E0428CD2F4DF2BAD5A600D3 /* AppGroup.swift in Sources */ = {isa = PBXBuildFile; fileRef = 3C39858CC81D5485F37D4D23 /* AppGroup.swift */; };
		1FE3F6BD23F108B82306DFB1 /* OutfitFigure.swift in Sources */ = {isa = PBXBuildFile; fileRef = 8AF342CB1F5E28ED159609C0 /* OutfitFigure.swift */; };
		3DD2883297F376315A6EB16E /* ShareExtension.appex in Embed Foundation Extensions */ = {isa = PBXBuildFile; fileRef = B616639345066C0F0D92C66B /* ShareExtension.appex */; settings = {ATTRIBUTES = (RemoveHeadersOnCopy, ); }; };
		3E8C7E8AEF01552E13D5A25D /* MockDay.swift in Sources */ = {isa = PBXBuildFile; fileRef = E14402A507A35E89A8EA27C8 /* MockDay.swift */; };
		42C2AC5625E173C0CC57E57A /* CameraPreview.swift in Sources */ = {isa = PBXBuildFile; fileRef = 7125F22E450C282EF85110DD /* CameraPreview.swift */; };
		4AE37454E9F8DE68A983C51A /* RootView.swift in Sources */ = {isa = PBXBuildFile; fileRef = 040AEA4711A463996E0FBE60 /* RootView.swift */; };
		5142D87E9C37BADB2CB5CB95 /* YouView.swift in Sources */ = {isa = PBXBuildFile; fileRef = 404463EAF586A240F2745FCA /* YouView.swift */; };
		51CC56DFAE1AE6248BC975F4 /* CaptureView.swift in Sources */ = {isa = PBXBuildFile; fileRef = 40A4CB6F123472ED628E028D /* CaptureView.swift */; };
		51DCD3F0B125F356015547E8 /* Secrets.xcconfig.example in Resources */ = {isa = PBXBuildFile; fileRef = 392669B54B81750ADBEE89AD /* Secrets.xcconfig.example */; };
		524485FC4410AC8D25C1513E /* FittiApp.swift in Sources */ = {isa = PBXBuildFile; fileRef = D09FA0AAD024EC690A12A6A1 /* FittiApp.swift */; };
		53955DFDFD081B6CE73F7A0E /* BagelFatOne-Regular.ttf in Resources */ = {isa = PBXBuildFile; fileRef = 8570A02D93663E89ADDC8462 /* BagelFatOne-Regular.ttf */; };
		5413313D32BC40EF3731987F /* AppState.swift in Sources */ = {isa = PBXBuildFile; fileRef = F44B600506594AD66C711E8F /* AppState.swift */; };
		559AFF3F3CBF9BEAD8BF4B83 /* OutfitsView.swift in Sources */ = {isa = PBXBuildFile; fileRef = 1E450B3F33E88DB8EBD82590 /* OutfitsView.swift */; };
		638A574999ED159B6BDFDC32 /* ClosetBridge.swift in Sources */ = {isa = PBXBuildFile; fileRef = CB652C7FA179A1F9E73EF6D7 /* ClosetBridge.swift */; };
		669857D5E6A7A3FE45748527 /* ShareViewController.swift in Sources */ = {isa = PBXBuildFile; fileRef = F63154BEC0703B0C155C119A /* ShareViewController.swift */; };
		67AEAF8D3C0757C4EEFC9F56 /* TabBar.swift in Sources */ = {isa = PBXBuildFile; fileRef = 412E51D01B4C9CDAC8793385 /* TabBar.swift */; };
		6AE5A0F0FD65567298420D10 /* CaptureQueue.swift in Sources */ = {isa = PBXBuildFile; fileRef = DB0EF109F3A5815A1C82530B /* CaptureQueue.swift */; };
		6C23B4658A6A4CE76828CF35 /* BlobShape.swift in Sources */ = {isa = PBXBuildFile; fileRef = 8B2922D787E623D64E7026B1 /* BlobShape.swift */; };
		7080EE8FC002F88F9E8B4371 /* WelcomeView.swift in Sources */ = {isa = PBXBuildFile; fileRef = 1545C3FB121A35033002CA58 /* WelcomeView.swift */; };
		7A5209434350EFE552A65096 /* AuthService.swift in Sources */ = {isa = PBXBuildFile; fileRef = D275C55980E36D741B280774 /* AuthService.swift */; };
		7D12D395C7B158A6FC81ECF4 /* SharedInbox.swift in Sources */ = {isa = PBXBuildFile; fileRef = 00FC91082661EBE5FEB81516 /* SharedInbox.swift */; };
		89FEFFCE9B54AB0F8AF87C21 /* CaptureItem.swift in Sources */ = {isa = PBXBuildFile; fileRef = FC214A2790F1B31AC3B0992A /* CaptureItem.swift */; };
		8E9B96C0E6FF9D48CE09EC67 /* RootGate.swift in Sources */ = {isa = PBXBuildFile; fileRef = 64DC35D70D5ABE8836246932 /* RootGate.swift */; };
		95550376DDA815443892F28D /* SharedInbox.swift in Sources */ = {isa = PBXBuildFile; fileRef = 00FC91082661EBE5FEB81516 /* SharedInbox.swift */; };
		970FFEA0AE9FD555CD671E9B /* Blob.metal in Sources */ = {isa = PBXBuildFile; fileRef = 8AE1D6A93CA30B9DA6183227 /* Blob.metal */; };
		996AEE8AE3B745BFA7D6139E /* FittiEngine in Frameworks */ = {isa = PBXBuildFile; productRef = E438AD8A472FCD83220810C8 /* FittiEngine */; };
		9B64EA9DFF629D51FD2A2F3F /* Assets.xcassets in Resources */ = {isa = PBXBuildFile; fileRef = 8B49747846F9E0724C42F07E /* Assets.xcassets */; };
		9C3EA37D56FFDDDAEEB53998 /* Entitlements.swift in Sources */ = {isa = PBXBuildFile; fileRef = 9E0BA39694A9FA5019689054 /* Entitlements.swift */; };
		A585CD34B87F8F9498A90CF0 /* Mascot.swift in Sources */ = {isa = PBXBuildFile; fileRef = 066E85FFA903207CE4626768 /* Mascot.swift */; };
		AF603CCD7A90F46062B33E8D /* SheetChrome.swift in Sources */ = {isa = PBXBuildFile; fileRef = 695E7402C558FF0537CB1B0B /* SheetChrome.swift */; };
		AF66445F8402133F9527F958 /* Supabase in Frameworks */ = {isa = PBXBuildFile; productRef = 1FB952A5CCCB454E83C93561 /* Supabase */; };
		B1CAFF942AA7A1C6CC547021 /* Haptics.swift in Sources */ = {isa = PBXBuildFile; fileRef = D0070872BFB46CF1C8D84C12 /* Haptics.swift */; };
		B2C8544A01804A01741C71E1 /* FittiDesign in Frameworks */ = {isa = PBXBuildFile; productRef = 7006F125F21C75A43BE223B0 /* FittiDesign */; };
		B51CA8211E53EA91EECDB029 /* GloriaHallelujah-Regular.ttf in Resources */ = {isa = PBXBuildFile; fileRef = 3B69C0A2580DFD631755FF26 /* GloriaHallelujah-Regular.ttf */; };
		CACB8AFBA0190326E364372F /* CaptureWorker.swift in Sources */ = {isa = PBXBuildFile; fileRef = 109C6EA1433685F8E3900A9E /* CaptureWorker.swift */; };
		CB049C4CD8F5D61216DC6A58 /* CameraController.swift in Sources */ = {isa = PBXBuildFile; fileRef = 8610A02F8B973CC7117DF2FE /* CameraController.swift */; };
		CB9BE3079A0EDD409D0F2468 /* WelcomeSequence.swift in Sources */ = {isa = PBXBuildFile; fileRef = 8B316D01B7E75A1FD69AE07A /* WelcomeSequence.swift */; };
		D62C4AC08A732B56579C4438 /* PrivacyInfo.xcprivacy in Resources */ = {isa = PBXBuildFile; fileRef = D2D9DBD79392DA9C855C36AD /* PrivacyInfo.xcprivacy */; };
		DB522038ED1DE320EB0CAA74 /* FittiBlob.swift in Sources */ = {isa = PBXBuildFile; fileRef = 3392184995BA15A41F4BABBD /* FittiBlob.swift */; };
		DF99091A3ECEB36D2F5EECD3 /* RiveMascot.swift in Sources */ = {isa = PBXBuildFile; fileRef = 910C389A66D92B592DAF6102 /* RiveMascot.swift */; };
		E5E1155B9CB5B463B7D687EC /* DiscoverView.swift in Sources */ = {isa = PBXBuildFile; fileRef = 9572F402D3F3A4F3C8E8A7D6 /* DiscoverView.swift */; };
		EB0E20980DF6F6EB7AAD127C /* PaywallView.swift in Sources */ = {isa = PBXBuildFile; fileRef = B4DE59FD59476C8332385D52 /* PaywallView.swift */; };
		EC70246D5DB5D95D239D2083 /* AppGroup.swift in Sources */ = {isa = PBXBuildFile; fileRef = 3C39858CC81D5485F37D4D23 /* AppGroup.swift */; };
		EE64E8FD6FD36330EAD95084 /* CutoutService.swift in Sources */ = {isa = PBXBuildFile; fileRef = 5A34AA96F83E878E9C7D77BA /* CutoutService.swift */; };
		EFDFB0F4D4B1FCBE04D533F8 /* ClosetView.swift in Sources */ = {isa = PBXBuildFile; fileRef = 9133E8BDA773FA9239CD9B81 /* ClosetView.swift */; };
		FADE44F388623332601F450B /* SupabaseAuthService.swift in Sources */ = {isa = PBXBuildFile; fileRef = 783163BB1FB95E3C135642AD /* SupabaseAuthService.swift */; };
/* End PBXBuildFile section */

/* Begin PBXContainerItemProxy section */
		EC8E6C667A1ECE0D422E4608 /* PBXContainerItemProxy */ = {
			isa = PBXContainerItemProxy;
			containerPortal = 4293A2257E0CED92807F8C66 /* Project object */;
			proxyType = 1;
			remoteGlobalIDString = F9540B9B588E3B258FE9B6AC;
			remoteInfo = ShareExtension;
		};
/* End PBXContainerItemProxy section */

/* Begin PBXCopyFilesBuildPhase section */
		3556F41B90FE368DE0C305BF /* Embed Foundation Extensions */ = {
			isa = PBXCopyFilesBuildPhase;
			buildActionMask = 2147483647;
			dstPath = "";
			dstSubfolderSpec = 13;
			files = (
				3DD2883297F376315A6EB16E /* ShareExtension.appex in Embed Foundation Extensions */,
			);
			name = "Embed Foundation Extensions";
			runOnlyForDeploymentPostprocessing = 0;
		};
/* End PBXCopyFilesBuildPhase section */

/* Begin PBXFileReference section */
		00FC91082661EBE5FEB81516 /* SharedInbox.swift */ = {isa = PBXFileReference; lastKnownFileType = sourcecode.swift; path = SharedInbox.swift; sourceTree = "<group>"; };
		040AEA4711A463996E0FBE60 /* RootView.swift */ = {isa = PBXFileReference; lastKnownFileType = sourcecode.swift; path = RootView.swift; sourceTree = "<group>"; };
		066E85FFA903207CE4626768 /* Mascot.swift */ = {isa = PBXFileReference; lastKnownFileType = sourcecode.swift; path = Mascot.swift; sourceTree = "<group>"; };
		0ACC00DCCC5B78DD1A9A2017 /* Fitti.app */ = {isa = PBXFileReference; includeInIndex = 0; lastKnownFileType = wrapper.application; path = Fitti.app; sourceTree = BUILT_PRODUCTS_DIR; };
		109C6EA1433685F8E3900A9E /* CaptureWorker.swift */ = {isa = PBXFileReference; lastKnownFileType = sourcecode.swift; path = CaptureWorker.swift; sourceTree = "<group>"; };
		1432DE04B822CA01CA7277AB /* BlobDots.swift */ = {isa = PBXFileReference; lastKnownFileType = sourcecode.swift; path = BlobDots.swift; sourceTree = "<group>"; };
		1545C3FB121A35033002CA58 /* WelcomeView.swift */ = {isa = PBXFileReference; lastKnownFileType = sourcecode.swift; path = WelcomeView.swift; sourceTree = "<group>"; };
		1E450B3F33E88DB8EBD82590 /* OutfitsView.swift */ = {isa = PBXFileReference; lastKnownFileType = sourcecode.swift; path = OutfitsView.swift; sourceTree = "<group>"; };
		2C41DB872F198D1C10437CAE /* LimitMeter.swift */ = {isa = PBXFileReference; lastKnownFileType = sourcecode.swift; path = LimitMeter.swift; sourceTree = "<group>"; };
		3392184995BA15A41F4BABBD /* FittiBlob.swift */ = {isa = PBXFileReference; lastKnownFileType = sourcecode.swift; path = FittiBlob.swift; sourceTree = "<group>"; };
		392669B54B81750ADBEE89AD /* Secrets.xcconfig.example */ = {isa = PBXFileReference; path = Secrets.xcconfig.example; sourceTree = "<group>"; };
		3B69C0A2580DFD631755FF26 /* GloriaHallelujah-Regular.ttf */ = {isa = PBXFileReference; lastKnownFileType = file; path = "GloriaHallelujah-Regular.ttf"; sourceTree = "<group>"; };
		3C39858CC81D5485F37D4D23 /* AppGroup.swift */ = {isa = PBXFileReference; lastKnownFileType = sourcecode.swift; path = AppGroup.swift; sourceTree = "<group>"; };
		404463EAF586A240F2745FCA /* YouView.swift */ = {isa = PBXFileReference; lastKnownFileType = sourcecode.swift; path = YouView.swift; sourceTree = "<group>"; };
		40A4CB6F123472ED628E028D /* CaptureView.swift */ = {isa = PBXFileReference; lastKnownFileType = sourcecode.swift; path = CaptureView.swift; sourceTree = "<group>"; };
		412E51D01B4C9CDAC8793385 /* TabBar.swift */ = {isa = PBXFileReference; lastKnownFileType = sourcecode.swift; path = TabBar.swift; sourceTree = "<group>"; };
		438B4D1A37F42683388FD483 /* FittiDesign */ = {isa = PBXFileReference; lastKnownFileType = folder; name = FittiDesign; path = FittiDesign; sourceTree = SOURCE_ROOT; };
		5A34AA96F83E878E9C7D77BA /* CutoutService.swift */ = {isa = PBXFileReference; lastKnownFileType = sourcecode.swift; path = CutoutService.swift; sourceTree = "<group>"; };
		64DC35D70D5ABE8836246932 /* RootGate.swift */ = {isa = PBXFileReference; lastKnownFileType = sourcecode.swift; path = RootGate.swift; sourceTree = "<group>"; };
		695E7402C558FF0537CB1B0B /* SheetChrome.swift */ = {isa = PBXFileReference; lastKnownFileType = sourcecode.swift; path = SheetChrome.swift; sourceTree = "<group>"; };
		7125F22E450C282EF85110DD /* CameraPreview.swift */ = {isa = PBXFileReference; lastKnownFileType = sourcecode.swift; path = CameraPreview.swift; sourceTree = "<group>"; };
		783163BB1FB95E3C135642AD /* SupabaseAuthService.swift */ = {isa = PBXFileReference; lastKnownFileType = sourcecode.swift; path = SupabaseAuthService.swift; sourceTree = "<group>"; };
		7E9E2BFD6B0337E113ADFF16 /* Info.plist */ = {isa = PBXFileReference; lastKnownFileType = text.plist; path = Info.plist; sourceTree = "<group>"; };
		82CF32D16ACE0AD1E6058CB6 /* MockAuthService.swift */ = {isa = PBXFileReference; lastKnownFileType = sourcecode.swift; path = MockAuthService.swift; sourceTree = "<group>"; };
		8570A02D93663E89ADDC8462 /* BagelFatOne-Regular.ttf */ = {isa = PBXFileReference; lastKnownFileType = file; path = "BagelFatOne-Regular.ttf"; sourceTree = "<group>"; };
		8610A02F8B973CC7117DF2FE /* CameraController.swift */ = {isa = PBXFileReference; lastKnownFileType = sourcecode.swift; path = CameraController.swift; sourceTree = "<group>"; };
		8AE1D6A93CA30B9DA6183227 /* Blob.metal */ = {isa = PBXFileReference; lastKnownFileType = sourcecode.metal; path = Blob.metal; sourceTree = "<group>"; };
		8AF342CB1F5E28ED159609C0 /* OutfitFigure.swift */ = {isa = PBXFileReference; lastKnownFileType = sourcecode.swift; path = OutfitFigure.swift; sourceTree = "<group>"; };
		8B2922D787E623D64E7026B1 /* BlobShape.swift */ = {isa = PBXFileReference; lastKnownFileType = sourcecode.swift; path = BlobShape.swift; sourceTree = "<group>"; };
		8B316D01B7E75A1FD69AE07A /* WelcomeSequence.swift */ = {isa = PBXFileReference; lastKnownFileType = sourcecode.swift; path = WelcomeSequence.swift; sourceTree = "<group>"; };
		8B49747846F9E0724C42F07E /* Assets.xcassets */ = {isa = PBXFileReference; lastKnownFileType = folder.assetcatalog; path = Assets.xcassets; sourceTree = "<group>"; };
		910C389A66D92B592DAF6102 /* RiveMascot.swift */ = {isa = PBXFileReference; lastKnownFileType = sourcecode.swift; path = RiveMascot.swift; sourceTree = "<group>"; };
		9133E8BDA773FA9239CD9B81 /* ClosetView.swift */ = {isa = PBXFileReference; lastKnownFileType = sourcecode.swift; path = ClosetView.swift; sourceTree = "<group>"; };
		93F6691610DA7B5A988990B6 /* Fitti.entitlements */ = {isa = PBXFileReference; lastKnownFileType = text.plist.entitlements; path = Fitti.entitlements; sourceTree = "<group>"; };
		9572F402D3F3A4F3C8E8A7D6 /* DiscoverView.swift */ = {isa = PBXFileReference; lastKnownFileType = sourcecode.swift; path = DiscoverView.swift; sourceTree = "<group>"; };
		9D0A59926269C48C949A67EC /* Info.plist */ = {isa = PBXFileReference; lastKnownFileType = text.plist; path = Info.plist; sourceTree = "<group>"; };
		9E0BA39694A9FA5019689054 /* Entitlements.swift */ = {isa = PBXFileReference; lastKnownFileType = sourcecode.swift; path = Entitlements.swift; sourceTree = "<group>"; };
		AA196CF3C4ECF01298BE935B /* AuthConfiguration.swift */ = {isa = PBXFileReference; lastKnownFileType = sourcecode.swift; path = AuthConfiguration.swift; sourceTree = "<group>"; };
		B4DE59FD59476C8332385D52 /* PaywallView.swift */ = {isa = PBXFileReference; lastKnownFileType = sourcecode.swift; path = PaywallView.swift; sourceTree = "<group>"; };
		B616639345066C0F0D92C66B /* ShareExtension.appex */ = {isa = PBXFileReference; includeInIndex = 0; lastKnownFileType = "wrapper.app-extension"; path = ShareExtension.appex; sourceTree = BUILT_PRODUCTS_DIR; };
		B696CE2BF07BCB3E144C70C4 /* ImagePipeline.swift */ = {isa = PBXFileReference; lastKnownFileType = sourcecode.swift; path = ImagePipeline.swift; sourceTree = "<group>"; };
		CACB3C577653B74F746E9132 /* MockCloset.swift */ = {isa = PBXFileReference; lastKnownFileType = sourcecode.swift; path = MockCloset.swift; sourceTree = "<group>"; };
		CB652C7FA179A1F9E73EF6D7 /* ClosetBridge.swift */ = {isa = PBXFileReference; lastKnownFileType = sourcecode.swift; path = ClosetBridge.swift; sourceTree = "<group>"; };
		D0070872BFB46CF1C8D84C12 /* Haptics.swift */ = {isa = PBXFileReference; lastKnownFileType = sourcecode.swift; path = Haptics.swift; sourceTree = "<group>"; };
		D09FA0AAD024EC690A12A6A1 /* FittiApp.swift */ = {isa = PBXFileReference; lastKnownFileType = sourcecode.swift; path = FittiApp.swift; sourceTree = "<group>"; };
		D275C55980E36D741B280774 /* AuthService.swift */ = {isa = PBXFileReference; lastKnownFileType = sourcecode.swift; path = AuthService.swift; sourceTree = "<group>"; };
		D2D9DBD79392DA9C855C36AD /* PrivacyInfo.xcprivacy */ = {isa = PBXFileReference; path = PrivacyInfo.xcprivacy; sourceTree = "<group>"; };
		DB0EF109F3A5815A1C82530B /* CaptureQueue.swift */ = {isa = PBXFileReference; lastKnownFileType = sourcecode.swift; path = CaptureQueue.swift; sourceTree = "<group>"; };
		E14402A507A35E89A8EA27C8 /* MockDay.swift */ = {isa = PBXFileReference; lastKnownFileType = sourcecode.swift; path = MockDay.swift; sourceTree = "<group>"; };
		E34040D6478C0E7F77A935A4 /* ShareExtension.entitlements */ = {isa = PBXFileReference; lastKnownFileType = text.plist.entitlements; path = ShareExtension.entitlements; sourceTree = "<group>"; };
		E6A6F87F819DBE3950203195 /* AIConsentView.swift */ = {isa = PBXFileReference; lastKnownFileType = sourcecode.swift; path = AIConsentView.swift; sourceTree = "<group>"; };
		EA0537E153F726AA028CC382 /* LibraryImport.swift */ = {isa = PBXFileReference; lastKnownFileType = sourcecode.swift; path = LibraryImport.swift; sourceTree = "<group>"; };
		EA57EAEA89E0A8A37DEEFA02 /* CaptureTile.swift */ = {isa = PBXFileReference; lastKnownFileType = sourcecode.swift; path = CaptureTile.swift; sourceTree = "<group>"; };
		F44B600506594AD66C711E8F /* AppState.swift */ = {isa = PBXFileReference; lastKnownFileType = sourcecode.swift; path = AppState.swift; sourceTree = "<group>"; };
		F576CE8E8A2C8529009A2C60 /* GarmentTile.swift */ = {isa = PBXFileReference; lastKnownFileType = sourcecode.swift; path = GarmentTile.swift; sourceTree = "<group>"; };
		F63154BEC0703B0C155C119A /* ShareViewController.swift */ = {isa = PBXFileReference; lastKnownFileType = sourcecode.swift; path = ShareViewController.swift; sourceTree = "<group>"; };
		FC214A2790F1B31AC3B0992A /* CaptureItem.swift */ = {isa = PBXFileReference; lastKnownFileType = sourcecode.swift; path = CaptureItem.swift; sourceTree = "<group>"; };
/* End PBXFileReference section */

/* Begin PBXFrameworksBuildPhase section */
		33BA7421A015B850DC32C609 /* Frameworks */ = {
			isa = PBXFrameworksBuildPhase;
			buildActionMask = 2147483647;
			files = (
				B2C8544A01804A01741C71E1 /* FittiDesign in Frameworks */,
				996AEE8AE3B745BFA7D6139E /* FittiEngine in Frameworks */,
				AF66445F8402133F9527F958 /* Supabase in Frameworks */,
				03B36422394371D342B6B656 /* RiveRuntime in Frameworks */,
			);
			runOnlyForDeploymentPostprocessing = 0;
		};
/* End PBXFrameworksBuildPhase section */

/* Begin PBXGroup section */
		2C507A7ECBF29A8B427118ED /* Support */ = {
			isa = PBXGroup;
			children = (
				D0070872BFB46CF1C8D84C12 /* Haptics.swift */,
			);
			path = Support;
			sourceTree = "<group>";
		};
		302E0CB6088A7DCD8123021C /* Packages */ = {
			isa = PBXGroup;
			children = (
				438B4D1A37F42683388FD483 /* FittiDesign */,
			);
			name = Packages;
			sourceTree = "<group>";
		};
		3851609581E74423776C8BA8 /* Features */ = {
			isa = PBXGroup;
			children = (
				E6A6F87F819DBE3950203195 /* AIConsentView.swift */,
				40A4CB6F123472ED628E028D /* CaptureView.swift */,
				9133E8BDA773FA9239CD9B81 /* ClosetView.swift */,
				9572F402D3F3A4F3C8E8A7D6 /* DiscoverView.swift */,
				1E450B3F33E88DB8EBD82590 /* OutfitsView.swift */,
				B4DE59FD59476C8332385D52 /* PaywallView.swift */,
				1545C3FB121A35033002CA58 /* WelcomeView.swift */,
				404463EAF586A240F2745FCA /* YouView.swift */,
			);
			path = Features;
			sourceTree = "<group>";
		};
		4946709FE5F3803190987DEF /* Resources */ = {
			isa = PBXGroup;
			children = (
				FB6C38FEA85358AA4FFBA285 /* Fonts */,
			);
			path = Resources;
			sourceTree = "<group>";
		};
		5A0EF5D53949475F918B44C1 /* Capture */ = {
			isa = PBXGroup;
			children = (
				3C39858CC81D5485F37D4D23 /* AppGroup.swift */,
				8610A02F8B973CC7117DF2FE /* CameraController.swift */,
				7125F22E450C282EF85110DD /* CameraPreview.swift */,
				FC214A2790F1B31AC3B0992A /* CaptureItem.swift */,
				DB0EF109F3A5815A1C82530B /* CaptureQueue.swift */,
				109C6EA1433685F8E3900A9E /* CaptureWorker.swift */,
				5A34AA96F83E878E9C7D77BA /* CutoutService.swift */,
				B696CE2BF07BCB3E144C70C4 /* ImagePipeline.swift */,
				EA0537E153F726AA028CC382 /* LibraryImport.swift */,
				00FC91082661EBE5FEB81516 /* SharedInbox.swift */,
			);
			path = Capture;
			sourceTree = "<group>";
		};
		6D76002877E854D27D665D67 /* Auth */ = {
			isa = PBXGroup;
			children = (
				AA196CF3C4ECF01298BE935B /* AuthConfiguration.swift */,
				D275C55980E36D741B280774 /* AuthService.swift */,
				82CF32D16ACE0AD1E6058CB6 /* MockAuthService.swift */,
				783163BB1FB95E3C135642AD /* SupabaseAuthService.swift */,
			);
			path = Auth;
			sourceTree = "<group>";
		};
		845D9812FDD8D5603028B15C /* Sources */ = {
			isa = PBXGroup;
			children = (
				6D76002877E854D27D665D67 /* Auth */,
				5A0EF5D53949475F918B44C1 /* Capture */,
				EFA11147CE55166762ED556E /* Components */,
				3851609581E74423776C8BA8 /* Features */,
				C95AC3DBEC5B05B657E4C01C /* Model */,
				964ADECFF7377554401A8ACC /* Root */,
				D23A187519B5D9710113E7CE /* Shaders */,
				C1CF7E9E8DA40BD73AA87CF4 /* Store */,
				2C507A7ECBF29A8B427118ED /* Support */,
			);
			path = Sources;
			sourceTree = "<group>";
		};
		964ADECFF7377554401A8ACC /* Root */ = {
			isa = PBXGroup;
			children = (
				F44B600506594AD66C711E8F /* AppState.swift */,
				D09FA0AAD024EC690A12A6A1 /* FittiApp.swift */,
				64DC35D70D5ABE8836246932 /* RootGate.swift */,
				040AEA4711A463996E0FBE60 /* RootView.swift */,
				412E51D01B4C9CDAC8793385 /* TabBar.swift */,
			);
			path = Root;
			sourceTree = "<group>";
		};
		C1CF7E9E8DA40BD73AA87CF4 /* Store */ = {
			isa = PBXGroup;
			children = (
				9E0BA39694A9FA5019689054 /* Entitlements.swift */,
			);
			path = Store;
			sourceTree = "<group>";
		};
		C85152ABF58CD30CF4BA941E = {
			isa = PBXGroup;
			children = (
				CEB76D5BCEBA1C7D4E495AF8 /* Fitti */,
				302E0CB6088A7DCD8123021C /* Packages */,
				FCF11A95A98196226BCE613E /* ShareExtension */,
				EEAADDF00301E11A560F5005 /* Products */,
			);
			sourceTree = "<group>";
		};
		C95AC3DBEC5B05B657E4C01C /* Model */ = {
			isa = PBXGroup;
			children = (
				CB652C7FA179A1F9E73EF6D7 /* ClosetBridge.swift */,
				CACB3C577653B74F746E9132 /* MockCloset.swift */,
				E14402A507A35E89A8EA27C8 /* MockDay.swift */,
			);
			path = Model;
			sourceTree = "<group>";
		};
		CEB76D5BCEBA1C7D4E495AF8 /* Fitti */ = {
			isa = PBXGroup;
			children = (
				8B49747846F9E0724C42F07E /* Assets.xcassets */,
				93F6691610DA7B5A988990B6 /* Fitti.entitlements */,
				9D0A59926269C48C949A67EC /* Info.plist */,
				D2D9DBD79392DA9C855C36AD /* PrivacyInfo.xcprivacy */,
				392669B54B81750ADBEE89AD /* Secrets.xcconfig.example */,
				4946709FE5F3803190987DEF /* Resources */,
				845D9812FDD8D5603028B15C /* Sources */,
			);
			path = Fitti;
			sourceTree = "<group>";
		};
		D23A187519B5D9710113E7CE /* Shaders */ = {
			isa = PBXGroup;
			children = (
				8AE1D6A93CA30B9DA6183227 /* Blob.metal */,
			);
			path = Shaders;
			sourceTree = "<group>";
		};
		EEAADDF00301E11A560F5005 /* Products */ = {
			isa = PBXGroup;
			children = (
				0ACC00DCCC5B78DD1A9A2017 /* Fitti.app */,
				B616639345066C0F0D92C66B /* ShareExtension.appex */,
			);
			name = Products;
			sourceTree = "<group>";
		};
		EFA11147CE55166762ED556E /* Components */ = {
			isa = PBXGroup;
			children = (
				1432DE04B822CA01CA7277AB /* BlobDots.swift */,
				8B2922D787E623D64E7026B1 /* BlobShape.swift */,
				EA57EAEA89E0A8A37DEEFA02 /* CaptureTile.swift */,
				3392184995BA15A41F4BABBD /* FittiBlob.swift */,
				F576CE8E8A2C8529009A2C60 /* GarmentTile.swift */,
				2C41DB872F198D1C10437CAE /* LimitMeter.swift */,
				066E85FFA903207CE4626768 /* Mascot.swift */,
				8AF342CB1F5E28ED159609C0 /* OutfitFigure.swift */,
				910C389A66D92B592DAF6102 /* RiveMascot.swift */,
				695E7402C558FF0537CB1B0B /* SheetChrome.swift */,
				8B316D01B7E75A1FD69AE07A /* WelcomeSequence.swift */,
			);
			path = Components;
			sourceTree = "<group>";
		};
		FB6C38FEA85358AA4FFBA285 /* Fonts */ = {
			isa = PBXGroup;
			children = (
				8570A02D93663E89ADDC8462 /* BagelFatOne-Regular.ttf */,
				3B69C0A2580DFD631755FF26 /* GloriaHallelujah-Regular.ttf */,
			);
			path = Fonts;
			sourceTree = "<group>";
		};
		FCF11A95A98196226BCE613E /* ShareExtension */ = {
			isa = PBXGroup;
			children = (
				7E9E2BFD6B0337E113ADFF16 /* Info.plist */,
				E34040D6478C0E7F77A935A4 /* ShareExtension.entitlements */,
				F63154BEC0703B0C155C119A /* ShareViewController.swift */,
			);
			path = ShareExtension;
			sourceTree = "<group>";
		};
/* End PBXGroup section */

/* Begin PBXNativeTarget section */
		A98DADFDDB4A97DFC4C986FB /* Fitti */ = {
			isa = PBXNativeTarget;
			buildConfigurationList = 514543E18F437BADF9C57AC4 /* Build configuration list for PBXNativeTarget "Fitti" */;
			buildPhases = (
				58CED4E0213B6F0FCCEB55AB /* Sources */,
				6F019DD3FA35C9CC9B41F000 /* Resources */,
				33BA7421A015B850DC32C609 /* Frameworks */,
				3556F41B90FE368DE0C305BF /* Embed Foundation Extensions */,
			);
			buildRules = (
			);
			dependencies = (
				7C2DBFC44B795FCD147AE805 /* PBXTargetDependency */,
			);
			name = Fitti;
			packageProductDependencies = (
				7006F125F21C75A43BE223B0 /* FittiDesign */,
				E438AD8A472FCD83220810C8 /* FittiEngine */,
				1FB952A5CCCB454E83C93561 /* Supabase */,
				0F6A6CC9F08FFB4C9B961805 /* RiveRuntime */,
			);
			productName = Fitti;
			productReference = 0ACC00DCCC5B78DD1A9A2017 /* Fitti.app */;
			productType = "com.apple.product-type.application";
		};
		F9540B9B588E3B258FE9B6AC /* ShareExtension */ = {
			isa = PBXNativeTarget;
			buildConfigurationList = 3773FA7F725EF789133A1FF5 /* Build configuration list for PBXNativeTarget "ShareExtension" */;
			buildPhases = (
				E8ACB38645CD3B1752A9BE18 /* Sources */,
			);
			buildRules = (
			);
			dependencies = (
			);
			name = ShareExtension;
			packageProductDependencies = (
			);
			productName = ShareExtension;
			productReference = B616639345066C0F0D92C66B /* ShareExtension.appex */;
			productType = "com.apple.product-type.app-extension";
		};
/* End PBXNativeTarget section */

/* Begin PBXProject section */
		4293A2257E0CED92807F8C66 /* Project object */ = {
			isa = PBXProject;
			attributes = {
				BuildIndependentTargetsInParallel = YES;
				LastUpgradeCheck = 1430;
				TargetAttributes = {
					A98DADFDDB4A97DFC4C986FB = {
						ProvisioningStyle = Automatic;
					};
					F9540B9B588E3B258FE9B6AC = {
						ProvisioningStyle = Automatic;
					};
				};
			};
			buildConfigurationList = DB526CBD81A5941A72D95952 /* Build configuration list for PBXProject "Fitti" */;
			developmentRegion = en;
			hasScannedForEncodings = 0;
			knownRegions = (
				Base,
				en,
			);
			mainGroup = C85152ABF58CD30CF4BA941E;
			minimizedProjectReferenceProxies = 1;
			packageReferences = (
				F93545A4A60D0C187D8CE76F /* XCRemoteSwiftPackageReference "rive-ios" */,
				491FF46EF250B65B00AF29E9 /* XCRemoteSwiftPackageReference "supabase-swift" */,
				6F3E4FDD167DC7ADB806E35A /* XCLocalSwiftPackageReference "FittiDesign" */,
			);
			preferredProjectObjectVersion = 77;
			productRefGroup = EEAADDF00301E11A560F5005 /* Products */;
			projectDirPath = "";
			projectRoot = "";
			targets = (
				A98DADFDDB4A97DFC4C986FB /* Fitti */,
				F9540B9B588E3B258FE9B6AC /* ShareExtension */,
			);
		};
/* End PBXProject section */

/* Begin PBXResourcesBuildPhase section */
		6F019DD3FA35C9CC9B41F000 /* Resources */ = {
			isa = PBXResourcesBuildPhase;
			buildActionMask = 2147483647;
			files = (
				9B64EA9DFF629D51FD2A2F3F /* Assets.xcassets in Resources */,
				53955DFDFD081B6CE73F7A0E /* BagelFatOne-Regular.ttf in Resources */,
				B51CA8211E53EA91EECDB029 /* GloriaHallelujah-Regular.ttf in Resources */,
				D62C4AC08A732B56579C4438 /* PrivacyInfo.xcprivacy in Resources */,
				51DCD3F0B125F356015547E8 /* Secrets.xcconfig.example in Resources */,
			);
			runOnlyForDeploymentPostprocessing = 0;
		};
/* End PBXResourcesBuildPhase section */

/* Begin PBXSourcesBuildPhase section */
		58CED4E0213B6F0FCCEB55AB /* Sources */ = {
			isa = PBXSourcesBuildPhase;
			buildActionMask = 2147483647;
			files = (
				053075B7B926C6AD0425AEBC /* AIConsentView.swift in Sources */,
				EC70246D5DB5D95D239D2083 /* AppGroup.swift in Sources */,
				5413313D32BC40EF3731987F /* AppState.swift in Sources */,
				1B9347D4CB1C7B3843BD6A80 /* AuthConfiguration.swift in Sources */,
				7A5209434350EFE552A65096 /* AuthService.swift in Sources */,
				970FFEA0AE9FD555CD671E9B /* Blob.metal in Sources */,
				1A2DC53F817853C0094D37D4 /* BlobDots.swift in Sources */,
				6C23B4658A6A4CE76828CF35 /* BlobShape.swift in Sources */,
				CB049C4CD8F5D61216DC6A58 /* CameraController.swift in Sources */,
				42C2AC5625E173C0CC57E57A /* CameraPreview.swift in Sources */,
				89FEFFCE9B54AB0F8AF87C21 /* CaptureItem.swift in Sources */,
				6AE5A0F0FD65567298420D10 /* CaptureQueue.swift in Sources */,
				048EAB5BA20184F2A22A10EE /* CaptureTile.swift in Sources */,
				51CC56DFAE1AE6248BC975F4 /* CaptureView.swift in Sources */,
				CACB8AFBA0190326E364372F /* CaptureWorker.swift in Sources */,
				638A574999ED159B6BDFDC32 /* ClosetBridge.swift in Sources */,
				EFDFB0F4D4B1FCBE04D533F8 /* ClosetView.swift in Sources */,
				EE64E8FD6FD36330EAD95084 /* CutoutService.swift in Sources */,
				E5E1155B9CB5B463B7D687EC /* DiscoverView.swift in Sources */,
				9C3EA37D56FFDDDAEEB53998 /* Entitlements.swift in Sources */,
				524485FC4410AC8D25C1513E /* FittiApp.swift in Sources */,
				DB522038ED1DE320EB0CAA74 /* FittiBlob.swift in Sources */,
				0A040C5F4BAB49AE77EA0144 /* GarmentTile.swift in Sources */,
				B1CAFF942AA7A1C6CC547021 /* Haptics.swift in Sources */,
				18F78AAB526647CE6136CD55 /* ImagePipeline.swift in Sources */,
				1C1C8C0E84C4608F23725A24 /* LibraryImport.swift in Sources */,
				05C905B05F02848150848B81 /* LimitMeter.swift in Sources */,
				A585CD34B87F8F9498A90CF0 /* Mascot.swift in Sources */,
				07319892CADCA44401974D84 /* MockAuthService.swift in Sources */,
				157550F9AA2853FB3BEE6105 /* MockCloset.swift in Sources */,
				3E8C7E8AEF01552E13D5A25D /* MockDay.swift in Sources */,
				1FE3F6BD23F108B82306DFB1 /* OutfitFigure.swift in Sources */,
				559AFF3F3CBF9BEAD8BF4B83 /* OutfitsView.swift in Sources */,
				EB0E20980DF6F6EB7AAD127C /* PaywallView.swift in Sources */,
				DF99091A3ECEB36D2F5EECD3 /* RiveMascot.swift in Sources */,
				8E9B96C0E6FF9D48CE09EC67 /* RootGate.swift in Sources */,
				4AE37454E9F8DE68A983C51A /* RootView.swift in Sources */,
				95550376DDA815443892F28D /* SharedInbox.swift in Sources */,
				AF603CCD7A90F46062B33E8D /* SheetChrome.swift in Sources */,
				FADE44F388623332601F450B /* SupabaseAuthService.swift in Sources */,
				67AEAF8D3C0757C4EEFC9F56 /* TabBar.swift in Sources */,
				CB9BE3079A0EDD409D0F2468 /* WelcomeSequence.swift in Sources */,
				7080EE8FC002F88F9E8B4371 /* WelcomeView.swift in Sources */,
				5142D87E9C37BADB2CB5CB95 /* YouView.swift in Sources */,
			);
			runOnlyForDeploymentPostprocessing = 0;
		};
		E8ACB38645CD3B1752A9BE18 /* Sources */ = {
			isa = PBXSourcesBuildPhase;
			buildActionMask = 2147483647;
			files = (
				1E0428CD2F4DF2BAD5A600D3 /* AppGroup.swift in Sources */,
				669857D5E6A7A3FE45748527 /* ShareViewController.swift in Sources */,
				7D12D395C7B158A6FC81ECF4 /* SharedInbox.swift in Sources */,
			);
			runOnlyForDeploymentPostprocessing = 0;
		};
/* End PBXSourcesBuildPhase section */

/* Begin PBXTargetDependency section */
		7C2DBFC44B795FCD147AE805 /* PBXTargetDependency */ = {
			isa = PBXTargetDependency;
			target = F9540B9B588E3B258FE9B6AC /* ShareExtension */;
			targetProxy = EC8E6C667A1ECE0D422E4608 /* PBXContainerItemProxy */;
		};
/* End PBXTargetDependency section */

/* Begin XCBuildConfiguration section */
		34771CBFA02D86FECE6AEC30 /* Release */ = {
			isa = XCBuildConfiguration;
			buildSettings = {
				ALWAYS_SEARCH_USER_PATHS = NO;
				CLANG_ANALYZER_NONNULL = YES;
				CLANG_ANALYZER_NUMBER_OBJECT_CONVERSION = YES_AGGRESSIVE;
				CLANG_CXX_LANGUAGE_STANDARD = "gnu++14";
				CLANG_CXX_LIBRARY = "libc++";
				CLANG_ENABLE_MODULES = YES;
				CLANG_ENABLE_OBJC_ARC = YES;
				CLANG_ENABLE_OBJC_WEAK = YES;
				CLANG_WARN_BLOCK_CAPTURE_AUTORELEASING = YES;
				CLANG_WARN_BOOL_CONVERSION = YES;
				CLANG_WARN_COMMA = YES;
				CLANG_WARN_CONSTANT_CONVERSION = YES;
				CLANG_WARN_DEPRECATED_OBJC_IMPLEMENTATIONS = YES;
				CLANG_WARN_DIRECT_OBJC_ISA_USAGE = YES_ERROR;
				CLANG_WARN_DOCUMENTATION_COMMENTS = YES;
				CLANG_WARN_EMPTY_BODY = YES;
				CLANG_WARN_ENUM_CONVERSION = YES;
				CLANG_WARN_INFINITE_RECURSION = YES;
				CLANG_WARN_INT_CONVERSION = YES;
				CLANG_WARN_NON_LITERAL_NULL_CONVERSION = YES;
				CLANG_WARN_OBJC_IMPLICIT_RETAIN_SELF = YES;
				CLANG_WARN_OBJC_LITERAL_CONVERSION = YES;
				CLANG_WARN_OBJC_ROOT_CLASS = YES_ERROR;
				CLANG_WARN_QUOTED_INCLUDE_IN_FRAMEWORK_HEADER = YES;
				CLANG_WARN_RANGE_LOOP_ANALYSIS = YES;
				CLANG_WARN_STRICT_PROTOTYPES = YES;
				CLANG_WARN_SUSPICIOUS_MOVE = YES;
				CLANG_WARN_UNGUARDED_AVAILABILITY = YES_AGGRESSIVE;
				CLANG_WARN_UNREACHABLE_CODE = YES;
				CLANG_WARN__DUPLICATE_METHOD_MATCH = YES;
				COPY_PHASE_STRIP = NO;
				DEBUG_INFORMATION_FORMAT = "dwarf-with-dsym";
				ENABLE_NS_ASSERTIONS = NO;
				ENABLE_STRICT_OBJC_MSGSEND = YES;
				GCC_C_LANGUAGE_STANDARD = gnu11;
				GCC_NO_COMMON_BLOCKS = YES;
				GCC_WARN_64_TO_32_BIT_CONVERSION = YES;
				GCC_WARN_ABOUT_RETURN_TYPE = YES_ERROR;
				GCC_WARN_UNDECLARED_SELECTOR = YES;
				GCC_WARN_UNINITIALIZED_AUTOS = YES_AGGRESSIVE;
				GCC_WARN_UNUSED_FUNCTION = YES;
				GCC_WARN_UNUSED_VARIABLE = YES;
				IPHONEOS_DEPLOYMENT_TARGET = 18.0;
				MTL_ENABLE_DEBUG_INFO = NO;
				MTL_FAST_MATH = YES;
				PRODUCT_NAME = "$(TARGET_NAME)";
				SDKROOT = iphoneos;
				SWIFT_COMPILATION_MODE = wholemodule;
				SWIFT_OPTIMIZATION_LEVEL = "-O";
				SWIFT_VERSION = 5.0;
			};
			name = Release;
		};
		4F1F80C0943B3D5CB1177643 /* Debug */ = {
			isa = XCBuildConfiguration;
			buildSettings = {
				ASSETCATALOG_COMPILER_APPICON_NAME = AppIcon;
				ASSETCATALOG_COMPILER_GLOBAL_ACCENT_COLOR_NAME = AccentColor;
				CODE_SIGN_ENTITLEMENTS = Fitti/Fitti.entitlements;
				CODE_SIGN_IDENTITY = "iPhone Developer";
				CODE_SIGN_STYLE = Automatic;
				CURRENT_PROJECT_VERSION = 1;
				ENABLE_USER_SCRIPT_SANDBOXING = YES;
				GENERATE_INFOPLIST_FILE = NO;
				INFOPLIST_FILE = Fitti/Info.plist;
				LD_RUNPATH_SEARCH_PATHS = (
					"$(inherited)",
					"@executable_path/Frameworks",
				);
				MARKETING_VERSION = 0.1.0;
				PRODUCT_BUNDLE_IDENTIFIER = com.matthewpark.fitti;
				SDKROOT = iphoneos;
				SWIFT_UPCOMING_FEATURE_CONCURRENCY = YES;
				SWIFT_VERSION = 6.0;
				TARGETED_DEVICE_FAMILY = 1;
			};
			name = Debug;
		};
		5C089B3E343BC0FCC9B47925 /* Debug */ = {
			isa = XCBuildConfiguration;
			buildSettings = {
				CODE_SIGN_ENTITLEMENTS = ShareExtension/ShareExtension.entitlements;
				CODE_SIGN_STYLE = Automatic;
				CURRENT_PROJECT_VERSION = 1;
				GENERATE_INFOPLIST_FILE = NO;
				INFOPLIST_FILE = ShareExtension/Info.plist;
				LD_RUNPATH_SEARCH_PATHS = (
					"$(inherited)",
					"@executable_path/Frameworks",
					"@executable_path/../../Frameworks",
				);
				MARKETING_VERSION = 0.1.0;
				PRODUCT_BUNDLE_IDENTIFIER = com.matthewpark.fitti.share;
				SDKROOT = iphoneos;
				SWIFT_VERSION = 6.0;
				TARGETED_DEVICE_FAMILY = 1;
			};
			name = Debug;
		};
		5DE2810960BC255EA507024B /* Debug */ = {
			isa = XCBuildConfiguration;
			buildSettings = {
				ALWAYS_SEARCH_USER_PATHS = NO;
				CLANG_ANALYZER_NONNULL = YES;
				CLANG_ANALYZER_NUMBER_OBJECT_CONVERSION = YES_AGGRESSIVE;
				CLANG_CXX_LANGUAGE_STANDARD = "gnu++14";
				CLANG_CXX_LIBRARY = "libc++";
				CLANG_ENABLE_MODULES = YES;
				CLANG_ENABLE_OBJC_ARC = YES;
				CLANG_ENABLE_OBJC_WEAK = YES;
				CLANG_WARN_BLOCK_CAPTURE_AUTORELEASING = YES;
				CLANG_WARN_BOOL_CONVERSION = YES;
				CLANG_WARN_COMMA = YES;
				CLANG_WARN_CONSTANT_CONVERSION = YES;
				CLANG_WARN_DEPRECATED_OBJC_IMPLEMENTATIONS = YES;
				CLANG_WARN_DIRECT_OBJC_ISA_USAGE = YES_ERROR;
				CLANG_WARN_DOCUMENTATION_COMMENTS = YES;
				CLANG_WARN_EMPTY_BODY = YES;
				CLANG_WARN_ENUM_CONVERSION = YES;
				CLANG_WARN_INFINITE_RECURSION = YES;
				CLANG_WARN_INT_CONVERSION = YES;
				CLANG_WARN_NON_LITERAL_NULL_CONVERSION = YES;
				CLANG_WARN_OBJC_IMPLICIT_RETAIN_SELF = YES;
				CLANG_WARN_OBJC_LITERAL_CONVERSION = YES;
				CLANG_WARN_OBJC_ROOT_CLASS = YES_ERROR;
				CLANG_WARN_QUOTED_INCLUDE_IN_FRAMEWORK_HEADER = YES;
				CLANG_WARN_RANGE_LOOP_ANALYSIS = YES;
				CLANG_WARN_STRICT_PROTOTYPES = YES;
				CLANG_WARN_SUSPICIOUS_MOVE = YES;
				CLANG_WARN_UNGUARDED_AVAILABILITY = YES_AGGRESSIVE;
				CLANG_WARN_UNREACHABLE_CODE = YES;
				CLANG_WARN__DUPLICATE_METHOD_MATCH = YES;
				COPY_PHASE_STRIP = NO;
				DEBUG_INFORMATION_FORMAT = dwarf;
				ENABLE_STRICT_OBJC_MSGSEND = YES;
				ENABLE_TESTABILITY = YES;
				GCC_C_LANGUAGE_STANDARD = gnu11;
				GCC_DYNAMIC_NO_PIC = NO;
				GCC_NO_COMMON_BLOCKS = YES;
				GCC_OPTIMIZATION_LEVEL = 0;
				GCC_PREPROCESSOR_DEFINITIONS = (
					"$(inherited)",
					"DEBUG=1",
				);
				GCC_WARN_64_TO_32_BIT_CONVERSION = YES;
				GCC_WARN_ABOUT_RETURN_TYPE = YES_ERROR;
				GCC_WARN_UNDECLARED_SELECTOR = YES;
				GCC_WARN_UNINITIALIZED_AUTOS = YES_AGGRESSIVE;
				GCC_WARN_UNUSED_FUNCTION = YES;
				GCC_WARN_UNUSED_VARIABLE = YES;
				IPHONEOS_DEPLOYMENT_TARGET = 18.0;
				MTL_ENABLE_DEBUG_INFO = INCLUDE_SOURCE;
				MTL_FAST_MATH = YES;
				ONLY_ACTIVE_ARCH = YES;
				PRODUCT_NAME = "$(TARGET_NAME)";
				SDKROOT = iphoneos;
				SWIFT_ACTIVE_COMPILATION_CONDITIONS = DEBUG;
				SWIFT_OPTIMIZATION_LEVEL = "-Onone";
				SWIFT_VERSION = 5.0;
			};
			name = Debug;
		};
		C1C8EB965F3220AFBCB4F47E /* Release */ = {
			isa = XCBuildConfiguration;
			buildSettings = {
				CODE_SIGN_ENTITLEMENTS = ShareExtension/ShareExtension.entitlements;
				CODE_SIGN_STYLE = Automatic;
				CURRENT_PROJECT_VERSION = 1;
				GENERATE_INFOPLIST_FILE = NO;
				INFOPLIST_FILE = ShareExtension/Info.plist;
				LD_RUNPATH_SEARCH_PATHS = (
					"$(inherited)",
					"@executable_path/Frameworks",
					"@executable_path/../../Frameworks",
				);
				MARKETING_VERSION = 0.1.0;
				PRODUCT_BUNDLE_IDENTIFIER = com.matthewpark.fitti.share;
				SDKROOT = iphoneos;
				SWIFT_VERSION = 6.0;
				TARGETED_DEVICE_FAMILY = 1;
			};
			name = Release;
		};
		E186B97636C71A7CCBB72354 /* Release */ = {
			isa = XCBuildConfiguration;
			buildSettings = {
				ASSETCATALOG_COMPILER_APPICON_NAME = AppIcon;
				ASSETCATALOG_COMPILER_GLOBAL_ACCENT_COLOR_NAME = AccentColor;
				CODE_SIGN_ENTITLEMENTS = Fitti/Fitti.entitlements;
				CODE_SIGN_IDENTITY = "iPhone Developer";
				CODE_SIGN_STYLE = Automatic;
				CURRENT_PROJECT_VERSION = 1;
				ENABLE_USER_SCRIPT_SANDBOXING = YES;
				GENERATE_INFOPLIST_FILE = NO;
				INFOPLIST_FILE = Fitti/Info.plist;
				LD_RUNPATH_SEARCH_PATHS = (
					"$(inherited)",
					"@executable_path/Frameworks",
				);
				MARKETING_VERSION = 0.1.0;
				PRODUCT_BUNDLE_IDENTIFIER = com.matthewpark.fitti;
				SDKROOT = iphoneos;
				SWIFT_UPCOMING_FEATURE_CONCURRENCY = YES;
				SWIFT_VERSION = 6.0;
				TARGETED_DEVICE_FAMILY = 1;
			};
			name = Release;
		};
/* End XCBuildConfiguration section */

/* Begin XCConfigurationList section */
		3773FA7F725EF789133A1FF5 /* Build configuration list for PBXNativeTarget "ShareExtension" */ = {
			isa = XCConfigurationList;
			buildConfigurations = (
				5C089B3E343BC0FCC9B47925 /* Debug */,
				C1C8EB965F3220AFBCB4F47E /* Release */,
			);
			defaultConfigurationIsVisible = 0;
			defaultConfigurationName = Debug;
		};
		514543E18F437BADF9C57AC4 /* Build configuration list for PBXNativeTarget "Fitti" */ = {
			isa = XCConfigurationList;
			buildConfigurations = (
				4F1F80C0943B3D5CB1177643 /* Debug */,
				E186B97636C71A7CCBB72354 /* Release */,
			);
			defaultConfigurationIsVisible = 0;
			defaultConfigurationName = Debug;
		};
		DB526CBD81A5941A72D95952 /* Build configuration list for PBXProject "Fitti" */ = {
			isa = XCConfigurationList;
			buildConfigurations = (
				5DE2810960BC255EA507024B /* Debug */,
				34771CBFA02D86FECE6AEC30 /* Release */,
			);
			defaultConfigurationIsVisible = 0;
			defaultConfigurationName = Debug;
		};
/* End XCConfigurationList section */

/* Begin XCLocalSwiftPackageReference section */
		6F3E4FDD167DC7ADB806E35A /* XCLocalSwiftPackageReference "FittiDesign" */ = {
			isa = XCLocalSwiftPackageReference;
			relativePath = FittiDesign;
		};
/* End XCLocalSwiftPackageReference section */

/* Begin XCRemoteSwiftPackageReference section */
		491FF46EF250B65B00AF29E9 /* XCRemoteSwiftPackageReference "supabase-swift" */ = {
			isa = XCRemoteSwiftPackageReference;
			repositoryURL = "https://github.com/supabase/supabase-swift";
			requirement = {
				kind = upToNextMajorVersion;
				minimumVersion = 2.0.0;
			};
		};
		F93545A4A60D0C187D8CE76F /* XCRemoteSwiftPackageReference "rive-ios" */ = {
			isa = XCRemoteSwiftPackageReference;
			repositoryURL = "https://github.com/rive-app/rive-ios";
			requirement = {
				kind = upToNextMajorVersion;
				minimumVersion = 6.0.0;
			};
		};
/* End XCRemoteSwiftPackageReference section */

/* Begin XCSwiftPackageProductDependency section */
		0F6A6CC9F08FFB4C9B961805 /* RiveRuntime */ = {
			isa = XCSwiftPackageProductDependency;
			package = F93545A4A60D0C187D8CE76F /* XCRemoteSwiftPackageReference "rive-ios" */;
			productName = RiveRuntime;
		};
		1FB952A5CCCB454E83C93561 /* Supabase */ = {
			isa = XCSwiftPackageProductDependency;
			package = 491FF46EF250B65B00AF29E9 /* XCRemoteSwiftPackageReference "supabase-swift" */;
			productName = Supabase;
		};
		7006F125F21C75A43BE223B0 /* FittiDesign */ = {
			isa = XCSwiftPackageProductDependency;
			productName = FittiDesign;
		};
		E438AD8A472FCD83220810C8 /* FittiEngine */ = {
			isa = XCSwiftPackageProductDependency;
			productName = FittiEngine;
		};
/* End XCSwiftPackageProductDependency section */
	};
	rootObject = 4293A2257E0CED92807F8C66 /* Project object */;
}
